
Microsoft Visual Studio Solution File, Format Version 12.00
# Visual Studio Version 16
VisualStudioVersion = 16.0.32002.261
MinimumVisualStudioVersion = 10.0.40219.1
Project("{FAE04EC0-301F-11D3-BF4B-00C04F79EFBC}") = "StudentAdminPortal.API", "StudentAdminPortal.API\StudentAdminPortal.API.csproj", "{E8214330-FAEB-4EE1-B654-6CEF153AEAB9}"
EndProject
Global
	GlobalSection(SolutionConfigurationPlatforms) = preSolution
		Debug|Any CPU = Debug|Any CPU
		Release|Any CPU = Release|Any CPU
	EndGlobalSection
	GlobalSection(ProjectConfigurationPlatforms) = postSolution
		{E8214330-FAEB-4EE1-B654-6CEF153AEAB9}.Debug|Any CPU.ActiveCfg = Debug|Any CPU
		{E8214330-FAEB-4EE1-B654-6CEF153AEAB9}.Debug|Any CPU.Build.0 = Debug|Any CPU
		{E8214330-FAEB-4EE1-B654-6CEF153AEAB9}.Release|Any CPU.ActiveCfg = Release|Any CPU
		{E8214330-FAEB-4EE1-B654-6CEF153AEAB9}.Release|Any CPU.Build.0 = Release|Any CPU
	EndGlobalSection
	GlobalSection(SolutionProperties) = preSolution
		HideSolutionNode = FALSE
	EndGlobalSection
	GlobalSection(ExtensibilityGlobals) = postSolution
		SolutionGuid = {2C0B92BD-94C0-4309-90E4-5B7D07E216D6}
	EndGlobalSection
EndGlobal
